Microsoft Visual Studio Solution File, Format Version 11.00
# Visual Studio 2008

Project("{8D29CF05-2DD9-4E3A-1B4F-DBBC9CBC6639}") = "TankWar", "Assembly-CSharp-firstpass.csproj", "{D194A4D5-7DCC-3901-1EB9-2D90A16239BC}"
EndProject
Project("{8D29CF05-2DD9-4E3A-1B4F-DBBC9CBC6639}") = "TankWar", "Assembly-CSharp.csproj", "{3710F13A-37D4-D58C-EF1A-41D44817C154}"
EndProject
Project("{8D29CF05-2DD9-4E3A-1B4F-DBBC9CBC6639}") = "TankWar", "Assembly-UnityScript-firstpass.unityproj", "{23EB1F0B-58EF-9AA8-C6B5-BF1C05044377}"
EndProject
Project("{8D29CF05-2DD9-4E3A-1B4F-DBBC9CBC6639}") = "TankWar", "Assembly-UnityScript.unityproj", "{E1EF47E8-F970-5818-5C04-7C7590F27A86}"
EndProject
Global
	GlobalSection(SolutionConfigurationPlatforms) = preSolution
		Debug|Any CPU = Debug|Any CPU
		Release|Any CPU = Release|Any CPU
	EndGlobalSection
	GlobalSection(ProjectConfigurationPlatforms) = postSolution
		{D194A4D5-7DCC-3901-1EB9-2D90A16239BC}.Debug|Any CPU.ActiveCfg = Debug|Any CPU
		{D194A4D5-7DCC-3901-1EB9-2D90A16239BC}.Debug|Any CPU.Build.0 = Debug|Any CPU
		{D194A4D5-7DCC-3901-1EB9-2D90A16239BC}.Release|Any CPU.ActiveCfg = Release|Any CPU
		{D194A4D5-7DCC-3901-1EB9-2D90A16239BC}.Release|Any CPU.Build.0 = Release|Any CPU
		{3710F13A-37D4-D58C-EF1A-41D44817C154}.Debug|Any CPU.ActiveCfg = Debug|Any CPU
		{3710F13A-37D4-D58C-EF1A-41D44817C154}.Debug|Any CPU.Build.0 = Debug|Any CPU
		{3710F13A-37D4-D58C-EF1A-41D44817C154}.Release|Any CPU.ActiveCfg = Release|Any CPU
		{3710F13A-37D4-D58C-EF1A-41D44817C154}.Release|Any CPU.Build.0 = Release|Any CPU
		{23EB1F0B-58EF-9AA8-C6B5-BF1C05044377}.Debug|Any CPU.ActiveCfg = Debug|Any CPU
		{23EB1F0B-58EF-9AA8-C6B5-BF1C05044377}.Debug|Any CPU.Build.0 = Debug|Any CPU
		{23EB1F0B-58EF-9AA8-C6B5-BF1C05044377}.Release|Any CPU.ActiveCfg = Release|Any CPU
		{23EB1F0B-58EF-9AA8-C6B5-BF1C05044377}.Release|Any CPU.Build.0 = Release|Any CPU
		{E1EF47E8-F970-5818-5C04-7C7590F27A86}.Debug|Any CPU.ActiveCfg = Debug|Any CPU
		{E1EF47E8-F970-5818-5C04-7C7590F27A86}.Debug|Any CPU.Build.0 = Debug|Any CPU
		{E1EF47E8-F970-5818-5C04-7C7590F27A86}.Release|Any CPU.ActiveCfg = Release|Any CPU
		{E1EF47E8-F970-5818-5C04-7C7590F27A86}.Release|Any CPU.Build.0 = Release|Any CPU
	EndGlobalSection
	GlobalSection(SolutionProperties) = preSolution
		HideSolutionNode = FALSE
	EndGlobalSection
																																																																				GlobalSection(MonoDevelopProperties) = preSolution
		StartupItem = Assembly-CSharp.csproj
		Policies = $0
		$0.TextStylePolicy = $1
		$1.inheritsSet = null
		$1.scope = text/x-csharp
		$0.CSharpFormattingPolicy = $2
		$2.inheritsSet = Mono
		$2.inheritsScope = text/x-csharp
		$2.scope = text/x-csharp
		$0.TextStylePolicy = $3
		$3.FileWidth = 120
		$3.TabWidth = 4
		$3.EolMarker = Unix
		$3.inheritsSet = Mono
		$3.inheritsScope = text/plain
		$3.scope = text/plain
	EndGlobalSection

EndGlobal
